// !$*UTF8*$!
{
	archiveVersion = 1;
	classes = {
	};
	objectVersion = 50;
	objects = {

/* Begin PBXBuildFile section */
		136CE1050F0FA34C0FB1284C /* Pods_FlighSchedularUITests.framework in Frameworks */ = {isa = PBXBuildFile; fileRef = C86287CFBA4EFDDCE138FA15 /* Pods_FlighSchedularUITests.framework */; };
		20554C9C2E7825A5DBBB4443 /* Pods_FlighSchedularTests.framework in Frameworks */ = {isa = PBXBuildFile; fileRef = BAF0B2D0976C107BE80AF7A2 /* Pods_FlighSchedularTests.framework */; };
		481609C92343F7A700C387B4 /* ProcessingError.swift in Sources */ = {isa = PBXBuildFile; fileRef = 481609C82343F7A700C387B4 /* ProcessingError.swift */; };
		481609CB2344065F00C387B4 /* FlightScheduleTBVCell.swift in Sources */ = {isa = PBXBuildFile; fileRef = 481609CA2344065F00C387B4 /* FlightScheduleTBVCell.swift */; };
		481609CF2344D5E000C387B4 /* FlightScheduleDetailViewController.swift in Sources */ = {isa = PBXBuildFile; fileRef = 481609CE2344D5E000C387B4 /* FlightScheduleDetailViewController.swift */; };
		481609D12344D89E00C387B4 /* FlightScheduleDetailSubView.swift in Sources */ = {isa = PBXBuildFile; fileRef = 481609D02344D89E00C387B4 /* FlightScheduleDetailSubView.swift */; };
		481609D32344D8D600C387B4 /* BaseSubViewProtocol.swift in Sources */ = {isa = PBXBuildFile; fileRef = 481609D22344D8D600C387B4 /* BaseSubViewProtocol.swift */; };
		481609D82344E27900C387B4 /* FlightDetailTableViewCell.swift in Sources */ = {isa = PBXBuildFile; fileRef = 481609D72344E27900C387B4 /* FlightDetailTableViewCell.swift */; };
		482139982345DFCB001A4420 /* NSMutableAttributedString.swift in Sources */ = {isa = PBXBuildFile; fileRef = 482139972345DFCB001A4420 /* NSMutableAttributedString.swift */; };
		482139E12345EABB001A4420 /* MarketingCarrierAirlineID.swift in Sources */ = {isa = PBXBuildFile; fileRef = 482139CB2345EAB9001A4420 /* MarketingCarrierAirlineID.swift */; };
		482139E22345EABB001A4420 /* AircraftCode.swift in Sources */ = {isa = PBXBuildFile; fileRef = 482139CC2345EAB9001A4420 /* AircraftCode.swift */; };
		482139E32345EABB001A4420 /* DepartureAirportCode.swift in Sources */ = {isa = PBXBuildFile; fileRef = 482139CD2345EAB9001A4420 /* DepartureAirportCode.swift */; };
		482139E42345EABB001A4420 /* Terminal.swift in Sources */ = {isa = PBXBuildFile; fileRef = 482139CE2345EAB9001A4420 /* Terminal.swift */; };
		482139E52345EABB001A4420 /* TotalJourney.swift in Sources */ = {isa = PBXBuildFile; fileRef = 482139CF2345EABA001A4420 /* TotalJourney.swift */; };
		482139E62345EABB001A4420 /* ScheduledTimeLocal.swift in Sources */ = {isa = PBXBuildFile; fileRef = 482139D02345EABA001A4420 /* ScheduledTimeLocal.swift */; };
		482139E72345EABB001A4420 /* Details.swift in Sources */ = {isa = PBXBuildFile; fileRef = 482139D12345EABA001A4420 /* Details.swift */; };
		482139E82345EABB001A4420 /* Arrival.swift in Sources */ = {isa = PBXBuildFile; fileRef = 482139D22345EABA001A4420 /* Arrival.swift */; };
		482139E92345EABB001A4420 /* FlightUnion.swift in Sources */ = {isa = PBXBuildFile; fileRef = 482139D32345EABA001A4420 /* FlightUnion.swift */; };
		482139EA2345EABB001A4420 /* FlightElement.swift in Sources */ = {isa = PBXBuildFile; fileRef = 482139D42345EABA001A4420 /* FlightElement.swift */; };
		482139EB2345EABB001A4420 /* DatePeriod.swift in Sources */ = {isa = PBXBuildFile; fileRef = 482139D52345EABA001A4420 /* DatePeriod.swift */; };
		482139EC2345EABB001A4420 /* ArrivalAirportCode.swift in Sources */ = {isa = PBXBuildFile; fileRef = 482139D62345EABA001A4420 /* ArrivalAirportCode.swift */; };
		482139ED2345EABB001A4420 /* Link.swift in Sources */ = {isa = PBXBuildFile; fileRef = 482139D72345EABA001A4420 /* Link.swift */; };
		482139EE2345EABB001A4420 /* MarketingCarrier.swift in Sources */ = {isa = PBXBuildFile; fileRef = 482139D82345EABA001A4420 /* MarketingCarrier.swift */; };
		482139EF2345EABB001A4420 /* Departure.swift in Sources */ = {isa = PBXBuildFile; fileRef = 482139D92345EABB001A4420 /* Departure.swift */; };
		482139F02345EABB001A4420 /* Stops.swift in Sources */ = {isa = PBXBuildFile; fileRef = 482139DA2345EABB001A4420 /* Stops.swift */; };
		482139F12345EABB001A4420 /* OperatingCarrier.swift in Sources */ = {isa = PBXBuildFile; fileRef = 482139DB2345EABB001A4420 /* OperatingCarrier.swift */; };
		482139F22345EABB001A4420 /* Meta.swift in Sources */ = {isa = PBXBuildFile; fileRef = 482139DC2345EABB001A4420 /* Meta.swift */; };
		482139F32345EABB001A4420 /* ScheduleResource.swift in Sources */ = {isa = PBXBuildFile; fileRef = 482139DD2345EABB001A4420 /* ScheduleResource.swift */; };
		482139F42345EABB001A4420 /* Schedule.swift in Sources */ = {isa = PBXBuildFile; fileRef = 482139DE2345EABB001A4420 /* Schedule.swift */; };
		482139F52345EABB001A4420 /* Equipment.swift in Sources */ = {isa = PBXBuildFile; fileRef = 482139DF2345EABB001A4420 /* Equipment.swift */; };
		482139F62345EABB001A4420 /* OperatingCarrierAirlineID.swift in Sources */ = {isa = PBXBuildFile; fileRef = 482139E02345EABB001A4420 /* OperatingCarrierAirlineID.swift */; };
		482139FA2345EAF2001A4420 /* ScheduleAPIResponse.swift in Sources */ = {isa = PBXBuildFile; fileRef = 482139F92345EAF2001A4420 /* ScheduleAPIResponse.swift */; };
		48213A2D2345F1E8001A4420 /* FlightModel.swift in Sources */ = {isa = PBXBuildFile; fileRef = 48213A2C2345F1E8001A4420 /* FlightModel.swift */; };
		48213A2F2345F24C001A4420 /* ScheduleModel.swift in Sources */ = {isa = PBXBuildFile; fileRef = 48213A282345EDBF001A4420 /* ScheduleModel.swift */; };
		48213A302345F24C001A4420 /* IATA.swift in Sources */ = {isa = PBXBuildFile; fileRef = 48213A2A2345EDBF001A4420 /* IATA.swift */; };
		48213A312345F24C001A4420 /* Station.swift in Sources */ = {isa = PBXBuildFile; fileRef = 48213A292345EDBF001A4420 /* Station.swift */; };
		48441D7F2348A4AA000FE352 /* FlightScheduleViewModelTests.swift in Sources */ = {isa = PBXBuildFile; fileRef = 48441D7E2348A4AA000FE352 /* FlightScheduleViewModelTests.swift */; };
		48441DCB2348CD57000FE352 /* FloatingSearchBar.swift in Sources */ = {isa = PBXBuildFile; fileRef = 48441DC42348CD57000FE352 /* FloatingSearchBar.swift */; };
		48441DCC2348CD57000FE352 /* Extensions.swift in Sources */ = {isa = PBXBuildFile; fileRef = 48441DC52348CD57000FE352 /* Extensions.swift */; };
		48441DCD2348CD57000FE352 /* ClickableView.swift in Sources */ = {isa = PBXBuildFile; fileRef = 48441DC62348CD57000FE352 /* ClickableView.swift */; };
		48441DCE2348CD57000FE352 /* FloatingSearchBox.swift in Sources */ = {isa = PBXBuildFile; fileRef = 48441DC82348CD57000FE352 /* FloatingSearchBox.swift */; };
		48441DCF2348CD57000FE352 /* DatePickerDialog.swift in Sources */ = {isa = PBXBuildFile; fileRef = 48441DC92348CD57000FE352 /* DatePickerDialog.swift */; };
		48441DD92348CD9A000FE352 /* FloatingUIViews.h in Embed Frameworks */ = {isa = PBXBuildFile; fileRef = 48441DC72348CD57000FE352 /* FloatingUIViews.h */; };
		48795B8F23435B630067A0C8 /* FlightSchedulesCoordinator.swift in Sources */ = {isa = PBXBuildFile; fileRef = 48795B8E23435B630067A0C8 /* FlightSchedulesCoordinator.swift */; };
		48795B9223435BF10067A0C8 /* FlightSchedulesSubView.swift in Sources */ = {isa = PBXBuildFile; fileRef = 48795B9123435BF00067A0C8 /* FlightSchedulesSubView.swift */; };
		487FA6DD2348DC8500ADFDA5 /* LocationView.swift in Sources */ = {isa = PBXBuildFile; fileRef = 487FA6DC2348DC8500ADFDA5 /* LocationView.swift */; };
		487FA6DF2348E6D500ADFDA5 /* FlightLocationServiceTests.swift in Sources */ = {isa = PBXBuildFile; fileRef = 487FA6DE2348E6D500ADFDA5 /* FlightLocationServiceTests.swift */; };
		488515E72342ACED006FA161 /* IATA.bundle in Resources */ = {isa = PBXBuildFile; fileRef = 488515E62342ACED006FA161 /* IATA.bundle */; };
		4894AF102342C30600754E50 /* APIError.swift in Sources */ = {isa = PBXBuildFile; fileRef = 4894AF0B2342C30600754E50 /* APIError.swift */; };
		4894AF112342C30600754E50 /* APIRequestConstants.swift in Sources */ = {isa = PBXBuildFile; fileRef = 4894AF0C2342C30600754E50 /* APIRequestConstants.swift */; };
		4894AF122342C30600754E50 /* APIRequestExecuter.swift in Sources */ = {isa = PBXBuildFile; fileRef = 4894AF0D2342C30600754E50 /* APIRequestExecuter.swift */; };
		4894AF132342C30600754E50 /* APIEndPoint.swift in Sources */ = {isa = PBXBuildFile; fileRef = 4894AF0E2342C30600754E50 /* APIEndPoint.swift */; };
		4894AF142342C30600754E50 /* APIRequest.swift in Sources */ = {isa = PBXBuildFile; fileRef = 4894AF0F2342C30600754E50 /* APIRequest.swift */; };
		4894AF182342C33000754E50 /* FlightScheduleAPIServiceImpl.swift in Sources */ = {isa = PBXBuildFile; fileRef = 4894AF162342C33000754E50 /* FlightScheduleAPIServiceImpl.swift */; };
		4894AF192342C33000754E50 /* FlightScheduleStorageService.swift in Sources */ = {isa = PBXBuildFile; fileRef = 4894AF172342C33000754E50 /* FlightScheduleStorageService.swift */; };
		4894AF2023433DA300754E50 /* FlightScheduleAPIService.swift in Sources */ = {isa = PBXBuildFile; fileRef = 4894AF1F23433DA300754E50 /* FlightScheduleAPIService.swift */; };
		4898A252234648440041108F /* LabelList.swift in Sources */ = {isa = PBXBuildFile; fileRef = 4898A251234648440041108F /* LabelList.swift */; };
		48A0DE7923422C4B004B1369 /* AppDelegate.swift in Sources */ = {isa = PBXBuildFile; fileRef = 48A0DE7823422C4B004B1369 /* AppDelegate.swift */; };
		48A0DE7B23422C4B004B1369 /* SceneDelegate.swift in Sources */ = {isa = PBXBuildFile; fileRef = 48A0DE7A23422C4B004B1369 /* SceneDelegate.swift */; };
		48A0DE7F23422C4D004B1369 /* Assets.xcassets in Resources */ = {isa = PBXBuildFile; fileRef = 48A0DE7E23422C4D004B1369 /* Assets.xcassets */; };
		48A0DE8223422C4D004B1369 /* Preview Assets.xcassets in Resources */ = {isa = PBXBuildFile; fileRef = 48A0DE8123422C4D004B1369 /* Preview Assets.xcassets */; };
		48A0DE8523422C4D004B1369 /* LaunchScreen.storyboard in Resources */ = {isa = PBXBuildFile; fileRef = 48A0DE8323422C4D004B1369 /* LaunchScreen.storyboard */; };
		48A0DE9023422C4D004B1369 /* FlighSchedularTests.swift in Sources */ = {isa = PBXBuildFile; fileRef = 48A0DE8F23422C4D004B1369 /* FlighSchedularTests.swift */; };
		48A0DE9B23422C4D004B1369 /* FlighSchedularUITests.swift in Sources */ = {isa = PBXBuildFile; fileRef = 48A0DE9A23422C4D004B1369 /* FlighSchedularUITests.swift */; };
		48A0DEAB23422CA0004B1369 /* AppCoordinator.swift in Sources */ = {isa = PBXBuildFile; fileRef = 48A0DEAA23422CA0004B1369 /* AppCoordinator.swift */; };
		48A0DEAD23422CBD004B1369 /* BaseCoordinator.swift in Sources */ = {isa = PBXBuildFile; fileRef = 48A0DEAC23422CBC004B1369 /* BaseCoordinator.swift */; };
		48A0DEAF23422EAA004B1369 /* JourneyMapViewCoordinator.swift in Sources */ = {isa = PBXBuildFile; fileRef = 48A0DEAE23422EAA004B1369 /* JourneyMapViewCoordinator.swift */; };
		48A0DEB223422F0B004B1369 /* JourneyMapViewController.swift in Sources */ = {isa = PBXBuildFile; fileRef = 48A0DEB123422F0B004B1369 /* JourneyMapViewController.swift */; };
		48CAF3FF2342380B0075BF29 /* PlacesViewController.swift in Sources */ = {isa = PBXBuildFile; fileRef = 48CAF3FE2342380B0075BF29 /* PlacesViewController.swift */; };
		48CAF401234238250075BF29 /* SearchForPlacesCoordinator.swift in Sources */ = {isa = PBXBuildFile; fileRef = 48CAF400234238250075BF29 /* SearchForPlacesCoordinator.swift */; };
		48CAF405234238BD0075BF29 /* SearchPlaceSubView.swift in Sources */ = {isa = PBXBuildFile; fileRef = 48CAF404234238BD0075BF29 /* SearchPlaceSubView.swift */; };
		48CAF408234239B70075BF29 /* FlightSchedularViewModelImp.swift in Sources */ = {isa = PBXBuildFile; fileRef = 48CAF407234239B70075BF29 /* FlightSchedularViewModelImp.swift */; };
		48CAF40A23423A020075BF29 /* FlightSchedularViewModel.swift in Sources */ = {isa = PBXBuildFile; fileRef = 48CAF40923423A020075BF29 /* FlightSchedularViewModel.swift */; };
		48D5BECD2342454F0023C387 /* ReactiveExtensions.swift in Sources */ = {isa = PBXBuildFile; fileRef = 48D5BECC2342454F0023C387 /* ReactiveExtensions.swift */; };
		48D5BEE423425A120023C387 /* ScheduleRequestParameter.swift in Sources */ = {isa = PBXBuildFile; fileRef = 48D5BED023425A110023C387 /* ScheduleRequestParameter.swift */; };
		48D5BEE523425A120023C387 /* TokenResponse.swift in Sources */ = {isa = PBXBuildFile; fileRef = 48D5BED123425A110023C387 /* TokenResponse.swift */; };
		48D5BEFA23425C4A0023C387 /* DataCache.swift in Sources */ = {isa = PBXBuildFile; fileRef = 48D5BEF723425C490023C387 /* DataCache.swift */; };
		48D5BEFB23425C4A0023C387 /* General+Extensions.swift in Sources */ = {isa = PBXBuildFile; fileRef = 48D5BEF823425C490023C387 /* General+Extensions.swift */; };
		48D5BEFC23425C4A0023C387 /* Helper.swift in Sources */ = {isa = PBXBuildFile; fileRef = 48D5BEF923425C490023C387 /* Helper.swift */; };
		48D5BEFE23425CAB0023C387 /* FlightSchedulesViewController.swift in Sources */ = {isa = PBXBuildFile; fileRef = 48D5BEFD23425CAB0023C387 /* FlightSchedulesViewController.swift */; };
		48D5BF012342A9470023C387 /* FlightSchedularLocationService.swift in Sources */ = {isa = PBXBuildFile; fileRef = 48D5BF002342A9470023C387 /* FlightSchedularLocationService.swift */; };
		48F15B7B234929AA0083024C /* FlightScheduleAPIServiceTests.swift in Sources */ = {isa = PBXBuildFile; fileRef = 48F15B7A234929AA0083024C /* FlightScheduleAPIServiceTests.swift */; };
		48F15B7D23492AA40083024C /* FlightSchedularLocationServiceProtocol.swift in Sources */ = {isa = PBXBuildFile; fileRef = 48F15B7C23492AA40083024C /* FlightSchedularLocationServiceProtocol.swift */; };
		EBBB07471D18AD8C8A864D0E /* Pods_FlighSchedular.framework in Frameworks */ = {isa = PBXBuildFile; fileRef = 6C861C699E77B8A7118234F4 /* Pods_FlighSchedular.framework */; };
/* End PBXBuildFile section */

/* Begin PBXContainerItemProxy section */
		48A0DE8C23422C4D004B1369 /* PBXContainerItemProxy */ = {
			isa = PBXContainerItemProxy;
			containerPortal = 48A0DE6D23422C4B004B1369 /* Project object */;
			proxyType = 1;
			remoteGlobalIDString = 48A0DE7423422C4B004B1369;
			remoteInfo = FlighSchedular;
		};
		48A0DE9723422C4D004B1369 /* PBXContainerItemProxy */ = {
			isa = PBXContainerItemProxy;
			containerPortal = 48A0DE6D23422C4B004B1369 /* Project object */;
			proxyType = 1;
			remoteGlobalIDString = 48A0DE7423422C4B004B1369;
			remoteInfo = FlighSchedular;
		};
/* End PBXContainerItemProxy section */

/* Begin PBXCopyFilesBuildPhase section */
		48CAF3FD2342348D0075BF29 /* Embed Frameworks */ = {
			isa = PBXCopyFilesBuildPhase;
			buildActionMask = 12;
			dstPath = "";
			dstSubfolderSpec = 0;
			files = (
				48441DD92348CD9A000FE352 /* FloatingUIViews.h in Embed Frameworks */,
			);
			name = "Embed Frameworks";
			runOnlyForDeploymentPostprocessing = 0;
		};
/* End PBXCopyFilesBuildPhase section */

/* Begin PBXFileReference section */
		1EB2C49F7BA4FC1D6286E472 /* Pods-FlighSchedular.release.xcconfig */ = {isa = PBXFileReference; includeInIndex = 1; lastKnownFileType = text.xcconfig; name = "Pods-FlighSchedular.release.xcconfig"; path = "Pods/Target Support Files/Pods-FlighSchedular/Pods-FlighSchedular.release.xcconfig"; sourceTree = "<group>"; };
		481609C82343F7A700C387B4 /* ProcessingError.swift */ = {isa = PBXFileReference; lastKnownFileType = sourcecode.swift; path = ProcessingError.swift; sourceTree = "<group>"; };
		481609CA2344065F00C387B4 /* FlightScheduleTBVCell.swift */ = {isa = PBXFileReference; lastKnownFileType = sourcecode.swift; path = FlightScheduleTBVCell.swift; sourceTree = "<group>"; };
		481609CE2344D5E000C387B4 /* FlightScheduleDetailViewController.swift */ = {isa = PBXFileReference; lastKnownFileType = sourcecode.swift; path = FlightScheduleDetailViewController.swift; sourceTree = "<group>"; };
		481609D02344D89E00C387B4 /* FlightScheduleDetailSubView.swift */ = {isa = PBXFileReference; lastKnownFileType = sourcecode.swift; path = FlightScheduleDetailSubView.swift; sourceTree = "<group>"; };
		481609D22344D8D600C387B4 /* BaseSubViewProtocol.swift */ = {isa = PBXFileReference; lastKnownFileType = sourcecode.swift; path = BaseSubViewProtocol.swift; sourceTree = "<group>"; };
		481609D72344E27900C387B4 /* FlightDetailTableViewCell.swift */ = {isa = PBXFileReference; lastKnownFileType = sourcecode.swift; path = FlightDetailTableViewCell.swift; sourceTree = "<group>"; };
		482139972345DFCB001A4420 /* NSMutableAttributedString.swift */ = {isa = PBXFileReference; lastKnownFileType = sourcecode.swift; path = NSMutableAttributedString.swift; sourceTree = "<group>"; };
		482139CB2345EAB9001A4420 /* MarketingCarrierAirlineID.swift */ = {isa = PBXFileReference; fileEncoding = 4; lastKnownFileType = sourcecode.swift; path = MarketingCarrierAirlineID.swift; sourceTree = "<group>"; };
		482139CC2345EAB9001A4420 /* AircraftCode.swift */ = {isa = PBXFileReference; fileEncoding = 4; lastKnownFileType = sourcecode.swift; path = AircraftCode.swift; sourceTree = "<group>"; };
		482139CD2345EAB9001A4420 /* DepartureAirportCode.swift */ = {isa = PBXFileReference; fileEncoding = 4; lastKnownFileType = sourcecode.swift; path = DepartureAirportCode.swift; sourceTree = "<group>"; };
		482139CE2345EAB9001A4420 /* Terminal.swift */ = {isa = PBXFileReference; fileEncoding = 4; lastKnownFileType = sourcecode.swift; path = Terminal.swift; sourceTree = "<group>"; };
		482139CF2345EABA001A4420 /* TotalJourney.swift */ = {isa = PBXFileReference; fileEncoding = 4; lastKnownFileType = sourcecode.swift; path = TotalJourney.swift; sourceTree = "<group>"; };
		482139D02345EABA001A4420 /* ScheduledTimeLocal.swift */ = {isa = PBXFileReference; fileEncoding = 4; lastKnownFileType = sourcecode.swift; path = ScheduledTimeLocal.swift; sourceTree = "<group>"; };
		482139D12345EABA001A4420 /* Details.swift */ = {isa = PBXFileReference; fileEncoding = 4; lastKnownFileType = sourcecode.swift; path = Details.swift; sourceTree = "<group>"; };
		482139D22345EABA001A4420 /* Arrival.swift */ = {isa = PBXFileReference; fileEncoding = 4; lastKnownFileType = sourcecode.swift; path = Arrival.swift; sourceTree = "<group>"; };
		482139D32345EABA001A4420 /* FlightUnion.swift */ = {isa = PBXFileReference; fileEncoding = 4; lastKnownFileType = sourcecode.swift; path = FlightUnion.swift; sourceTree = "<group>"; };
		482139D42345EABA001A4420 /* FlightElement.swift */ = {isa = PBXFileReference; fileEncoding = 4; lastKnownFileType = sourcecode.swift; path = FlightElement.swift; sourceTree = "<group>"; };
		482139D52345EABA001A4420 /* DatePeriod.swift */ = {isa = PBXFileReference; fileEncoding = 4; lastKnownFileType = sourcecode.swift; path = DatePeriod.swift; sourceTree = "<group>"; };
		482139D62345EABA001A4420 /* ArrivalAirportCode.swift */ = {isa = PBXFileReference; fileEncoding = 4; lastKnownFileType = sourcecode.swift; path = ArrivalAirportCode.swift; sourceTree = "<group>"; };
		482139D72345EABA001A4420 /* Link.swift */ = {isa = PBXFileReference; fileEncoding = 4; lastKnownFileType = sourcecode.swift; path = Link.swift; sourceTree = "<group>"; };
		482139D82345EABA001A4420 /* MarketingCarrier.swift */ = {isa = PBXFileReference; fileEncoding = 4; lastKnownFileType = sourcecode.swift; path = MarketingCarrier.swift; sourceTree = "<group>"; };
		482139D92345EABB001A4420 /* Departure.swift */ = {isa = PBXFileReference; fileEncoding = 4; lastKnownFileType = sourcecode.swift; path = Departure.swift; sourceTree = "<group>"; };
		482139DA2345EABB001A4420 /* Stops.swift */ = {isa = PBXFileReference; fileEncoding = 4; lastKnownFileType = sourcecode.swift; path = Stops.swift; sourceTree = "<group>"; };
		482139DB2345EABB001A4420 /* OperatingCarrier.swift */ = {isa = PBXFileReference; fileEncoding = 4; lastKnownFileType = sourcecode.swift; path = OperatingCarrier.swift; sourceTree = "<group>"; };
		482139DC2345EABB001A4420 /* Meta.swift */ = {isa = PBXFileReference; fileEncoding = 4; lastKnownFileType = sourcecode.swift; path = Meta.swift; sourceTree = "<group>"; };
		482139DD2345EABB001A4420 /* ScheduleResource.swift */ = {isa = PBXFileReference; fileEncoding = 4; lastKnownFileType = sourcecode.swift; path = ScheduleResource.swift; sourceTree = "<group>"; };
		482139DE2345EABB001A4420 /* Schedule.swift */ = {isa = PBXFileReference; fileEncoding = 4; lastKnownFileType = sourcecode.swift; path = Schedule.swift; sourceTree = "<group>"; };
		482139DF2345EABB001A4420 /* Equipment.swift */ = {isa = PBXFileReference; fileEncoding = 4; lastKnownFileType = sourcecode.swift; path = Equipment.swift; sourceTree = "<group>"; };
		482139E02345EABB001A4420 /* OperatingCarrierAirlineID.swift */ = {isa = PBXFileReference; fileEncoding = 4; lastKnownFileType = sourcecode.swift; path = OperatingCarrierAirlineID.swift; sourceTree = "<group>"; };
		482139F92345EAF2001A4420 /* ScheduleAPIResponse.swift */ = {isa = PBXFileReference; fileEncoding = 4; lastKnownFileType = sourcecode.swift; path = ScheduleAPIResponse.swift; sourceTree = "<group>"; };
		48213A282345EDBF001A4420 /* ScheduleModel.swift */ = {isa = PBXFileReference; lastKnownFileType = sourcecode.swift; path = ScheduleModel.swift; sourceTree = "<group>"; };
		48213A292345EDBF001A4420 /* Station.swift */ = {isa = PBXFileReference; lastKnownFileType = sourcecode.swift; path = Station.swift; sourceTree = "<group>"; };
		48213A2A2345EDBF001A4420 /* IATA.swift */ = {isa = PBXFileReference; lastKnownFileType = sourcecode.swift; path = IATA.swift; sourceTree = "<group>"; };
		48213A2C2345F1E8001A4420 /* FlightModel.swift */ = {isa = PBXFileReference; lastKnownFileType = sourcecode.swift; path = FlightModel.swift; sourceTree = "<group>"; };
		48441D7E2348A4AA000FE352 /* FlightScheduleViewModelTests.swift */ = {isa = PBXFileReference; lastKnownFileType = sourcecode.swift; path = FlightScheduleViewModelTests.swift; sourceTree = "<group>"; };
		48441DC42348CD57000FE352 /* FloatingSearchBar.swift */ = {isa = PBXFileReference; fileEncoding = 4; lastKnownFileType = sourcecode.swift; path = FloatingSearchBar.swift; sourceTree = "<group>"; };
		48441DC52348CD57000FE352 /* Extensions.swift */ = {isa = PBXFileReference; fileEncoding = 4; lastKnownFileType = sourcecode.swift; path = Extensions.swift; sourceTree = "<group>"; };
		48441DC62348CD57000FE352 /* ClickableView.swift */ = {isa = PBXFileReference; fileEncoding = 4; lastKnownFileType = sourcecode.swift; path = ClickableView.swift; sourceTree = "<group>"; };
		48441DC72348CD57000FE352 /* FloatingUIViews.h */ = {isa = PBXFileReference; fileEncoding = 4; lastKnownFileType = sourcecode.c.h; path = FloatingUIViews.h; sourceTree = "<group>"; };
		48441DC82348CD57000FE352 /* FloatingSearchBox.swift */ = {isa = PBXFileReference; fileEncoding = 4; lastKnownFileType = sourcecode.swift; path = FloatingSearchBox.swift; sourceTree = "<group>"; };
		48441DC92348CD57000FE352 /* DatePickerDialog.swift */ = {isa = PBXFileReference; fileEncoding = 4; lastKnownFileType = sourcecode.swift; path = DatePickerDialog.swift; sourceTree = "<group>"; };
		48441DD22348CD81000FE352 /* FloatingSearchBar.swift */ = {isa = PBXFileReference; lastKnownFileType = sourcecode.swift; path = FloatingSearchBar.swift; sourceTree = "<group>"; };
		48441DD32348CD81000FE352 /* Extensions.swift */ = {isa = PBXFileReference; lastKnownFileType = sourcecode.swift; path = Extensions.swift; sourceTree = "<group>"; };
		48441DD42348CD81000FE352 /* ClickableView.swift */ = {isa = PBXFileReference; lastKnownFileType = sourcecode.swift; path = ClickableView.swift; sourceTree = "<group>"; };
		48441DD52348CD81000FE352 /* FloatingUIViews.h */ = {isa = PBXFileReference; lastKnownFileType = sourcecode.c.h; path = FloatingUIViews.h; sourceTree = "<group>"; };
		48441DD62348CD81000FE352 /* FloatingSearchBox.swift */ = {isa = PBXFileReference; lastKnownFileType = sourcecode.swift; path = FloatingSearchBox.swift; sourceTree = "<group>"; };
		48441DD72348CD81000FE352 /* DatePickerDialog.swift */ = {isa = PBXFileReference; lastKnownFileType = sourcecode.swift; path = DatePickerDialog.swift; sourceTree = "<group>"; };
		48441DD82348CD81000FE352 /* Info.plist */ = {isa = PBXFileReference; lastKnownFileType = text.plist.xml; path = Info.plist; sourceTree = "<group>"; };
		48795B8E23435B630067A0C8 /* FlightSchedulesCoordinator.swift */ = {isa = PBXFileReference; lastKnownFileType = sourcecode.swift; path = FlightSchedulesCoordinator.swift; sourceTree = "<group>"; };
		48795B9123435BF00067A0C8 /* FlightSchedulesSubView.swift */ = {isa = PBXFileReference; lastKnownFileType = sourcecode.swift; path = FlightSchedulesSubView.swift; sourceTree = "<group>"; };
		487FA6DC2348DC8500ADFDA5 /* LocationView.swift */ = {isa = PBXFileReference; lastKnownFileType = sourcecode.swift; path = LocationView.swift; sourceTree = "<group>"; };
		487FA6DE2348E6D500ADFDA5 /* FlightLocationServiceTests.swift */ = {isa = PBXFileReference; lastKnownFileType = sourcecode.swift; path = FlightLocationServiceTests.swift; sourceTree = "<group>"; };
		488515E62342ACED006FA161 /* IATA.bundle */ = {isa = PBXFileReference; lastKnownFileType = "wrapper.plug-in"; path = IATA.bundle; sourceTree = "<group>"; };
		4894AF0B2342C30600754E50 /* APIError.swift */ = {isa = PBXFileReference; fileEncoding = 4; lastKnownFileType = sourcecode.swift; path = APIError.swift; sourceTree = "<group>"; };
		4894AF0C2342C30600754E50 /* APIRequestConstants.swift */ = {isa = PBXFileReference; fileEncoding = 4; lastKnownFileType = sourcecode.swift; path = APIRequestConstants.swift; sourceTree = "<group>"; };
		4894AF0D2342C30600754E50 /* APIRequestExecuter.swift */ = {isa = PBXFileReference; fileEncoding = 4; lastKnownFileType = sourcecode.swift; path = APIRequestExecuter.swift; sourceTree = "<group>"; };
		4894AF0E2342C30600754E50 /* APIEndPoint.swift */ = {isa = PBXFileReference; fileEncoding = 4; lastKnownFileType = sourcecode.swift; path = APIEndPoint.swift; sourceTree = "<group>"; };
		4894AF0F2342C30600754E50 /* APIRequest.swift */ = {isa = PBXFileReference; fileEncoding = 4; lastKnownFileType = sourcecode.swift; path = APIRequest.swift; sourceTree = "<group>"; };
		4894AF162342C33000754E50 /* FlightScheduleAPIServiceImpl.swift */ = {isa = PBXFileReference; fileEncoding = 4; lastKnownFileType = sourcecode.swift; path = FlightScheduleAPIServiceImpl.swift; sourceTree = "<group>"; };
		4894AF172342C33000754E50 /* FlightScheduleStorageService.swift */ = {isa = PBXFileReference; fileEncoding = 4; lastKnownFileType = sourcecode.swift; path = FlightScheduleStorageService.swift; sourceTree = "<group>"; };
		4894AF1F23433DA300754E50 /* FlightScheduleAPIService.swift */ = {isa = PBXFileReference; lastKnownFileType = sourcecode.swift; path = FlightScheduleAPIService.swift; sourceTree = "<group>"; };
		4898A251234648440041108F /* LabelList.swift */ = {isa = PBXFileReference; lastKnownFileType = sourcecode.swift; path = LabelList.swift; sourceTree = "<group>"; };
		48A0DE7523422C4B004B1369 /* FlighSchedular.app */ = {isa = PBXFileReference; explicitFileType = wrapper.application; includeInIndex = 0; path = FlighSchedular.app; sourceTree = BUILT_PRODUCTS_DIR; };
		48A0DE7823422C4B004B1369 /* AppDelegate.swift */ = {isa = PBXFileReference; lastKnownFileType = sourcecode.swift; path = AppDelegate.swift; sourceTree = "<group>"; };
		48A0DE7A23422C4B004B1369 /* SceneDelegate.swift */ = {isa = PBXFileReference; lastKnownFileType = sourcecode.swift; path = SceneDelegate.swift; sourceTree = "<group>"; };
		48A0DE7E23422C4D004B1369 /* Assets.xcassets */ = {isa = PBXFileReference; lastKnownFileType = folder.assetcatalog; path = Assets.xcassets; sourceTree = "<group>"; };
		48A0DE8123422C4D004B1369 /* Preview Assets.xcassets */ = {isa = PBXFileReference; lastKnownFileType = folder.assetcatalog; path = "Preview Assets.xcassets"; sourceTree = "<group>"; };
		48A0DE8423422C4D004B1369 /* Base */ = {isa = PBXFileReference; lastKnownFileType = file.storyboard; name = Base; path = Base.lproj/LaunchScreen.storyboard; sourceTree = "<group>"; };
		48A0DE8623422C4D004B1369 /* Info.plist */ = {isa = PBXFileReference; lastKnownFileType = text.plist.xml; path = Info.plist; sourceTree = "<group>"; };
		48A0DE8B23422C4D004B1369 /* FlighSchedularTests.xctest */ = {isa = PBXFileReference; explicitFileType = wrapper.cfbundle; includeInIndex = 0; path = FlighSchedularTests.xctest; sourceTree = BUILT_PRODUCTS_DIR; };
		48A0DE8F23422C4D004B1369 /* FlighSchedularTests.swift */ = {isa = PBXFileReference; lastKnownFileType = sourcecode.swift; path = FlighSchedularTests.swift; sourceTree = "<group>"; };
		48A0DE9123422C4D004B1369 /* Info.plist */ = {isa = PBXFileReference; lastKnownFileType = text.plist.xml; path = Info.plist; sourceTree = "<group>"; };
		48A0DE9623422C4D004B1369 /* FlighSchedularUITests.xctest */ = {isa = PBXFileReference; explicitFileType = wrapper.cfbundle; includeInIndex = 0; path = FlighSchedularUITests.xctest; sourceTree = BUILT_PRODUCTS_DIR; };
		48A0DE9A23422C4D004B1369 /* FlighSchedularUITests.swift */ = {isa = PBXFileReference; lastKnownFileType = sourcecode.swift; path = FlighSchedularUITests.swift; sourceTree = "<group>"; };
		48A0DE9C23422C4D004B1369 /* Info.plist */ = {isa = PBXFileReference; lastKnownFileType = text.plist.xml; path = Info.plist; sourceTree = "<group>"; };
		48A0DEAA23422CA0004B1369 /* AppCoordinator.swift */ = {isa = PBXFileReference; lastKnownFileType = sourcecode.swift; path = AppCoordinator.swift; sourceTree = "<group>"; };
		48A0DEAC23422CBC004B1369 /* BaseCoordinator.swift */ = {isa = PBXFileReference; lastKnownFileType = sourcecode.swift; path = BaseCoordinator.swift; sourceTree = "<group>"; };
		48A0DEAE23422EAA004B1369 /* JourneyMapViewCoordinator.swift */ = {isa = PBXFileReference; lastKnownFileType = sourcecode.swift; path = JourneyMapViewCoordinator.swift; sourceTree = "<group>"; };
		48A0DEB123422F0B004B1369 /* JourneyMapViewController.swift */ = {isa = PBXFileReference; lastKnownFileType = sourcecode.swift; path = JourneyMapViewController.swift; sourceTree = "<group>"; };
		48CAF3FE2342380B0075BF29 /* PlacesViewController.swift */ = {isa = PBXFileReference; lastKnownFileType = sourcecode.swift; path = PlacesViewController.swift; sourceTree = "<group>"; };
		48CAF400234238250075BF29 /* SearchForPlacesCoordinator.swift */ = {isa = PBXFileReference; lastKnownFileType = sourcecode.swift; path = SearchForPlacesCoordinator.swift; sourceTree = "<group>"; };
		48CAF404234238BD0075BF29 /* SearchPlaceSubView.swift */ = {isa = PBXFileReference; lastKnownFileType = sourcecode.swift; path = SearchPlaceSubView.swift; sourceTree = "<group>"; };
		48CAF407234239B70075BF29 /* FlightSchedularViewModelImp.swift */ = {isa = PBXFileReference; lastKnownFileType = sourcecode.swift; path = FlightSchedularViewModelImp.swift; sourceTree = "<group>"; };
		48CAF40923423A020075BF29 /* FlightSchedularViewModel.swift */ = {isa = PBXFileReference; lastKnownFileType = sourcecode.swift; path = FlightSchedularViewModel.swift; sourceTree = "<group>"; };
		48D5BECC2342454F0023C387 /* ReactiveExtensions.swift */ = {isa = PBXFileReference; lastKnownFileType = sourcecode.swift; path = ReactiveExtensions.swift; sourceTree = "<group>"; };
		48D5BED023425A110023C387 /* ScheduleRequestParameter.swift */ = {isa = PBXFileReference; fileEncoding = 4; lastKnownFileType = sourcecode.swift; path = ScheduleRequestParameter.swift; sourceTree = "<group>"; };
		48D5BED123425A110023C387 /* TokenResponse.swift */ = {isa = PBXFileReference; fileEncoding = 4; lastKnownFileType = sourcecode.swift; path = TokenResponse.swift; sourceTree = "<group>"; };
		48D5BEF723425C490023C387 /* DataCache.swift */ = {isa = PBXFileReference; fileEncoding = 4; lastKnownFileType = sourcecode.swift; name = DataCache.swift; path = "../../../FlightSchedule/FlightSchedule/Helpers+Extenstions/DataCache.swift"; sourceTree = "<group>"; };
		48D5BEF823425C490023C387 /* General+Extensions.swift */ = {isa = PBXFileReference; fileEncoding = 4; lastKnownFileType = sourcecode.swift; name = "General+Extensions.swift"; path = "../../../FlightSchedule/FlightSchedule/Helpers+Extenstions/General+Extensions.swift"; sourceTree = "<group>"; };
		48D5BEF923425C490023C387 /* Helper.swift */ = {isa = PBXFileReference; fileEncoding = 4; lastKnownFileType = sourcecode.swift; name = Helper.swift; path = "../../../FlightSchedule/FlightSchedule/Helpers+Extenstions/Helper.swift"; sourceTree = "<group>"; };
		48D5BEFD23425CAB0023C387 /* FlightSchedulesViewController.swift */ = {isa = PBXFileReference; lastKnownFileType = sourcecode.swift; path = FlightSchedulesViewController.swift; sourceTree = "<group>"; };
		48D5BF002342A9470023C387 /* FlightSchedularLocationService.swift */ = {isa = PBXFileReference; lastKnownFileType = sourcecode.swift; path = FlightSchedularLocationService.swift; sourceTree = "<group>"; };
		48F15B7A234929AA0083024C /* FlightScheduleAPIServiceTests.swift */ = {isa = PBXFileReference; lastKnownFileType = sourcecode.swift; path = FlightScheduleAPIServiceTests.swift; sourceTree = "<group>"; };
		48F15B7C23492AA40083024C /* FlightSchedularLocationServiceProtocol.swift */ = {isa = PBXFileReference; lastKnownFileType = sourcecode.swift; path = FlightSchedularLocationServiceProtocol.swift; sourceTree = "<group>"; };
		6C861C699E77B8A7118234F4 /* Pods_FlighSchedular.framework */ = {isa = PBXFileReference; explicitFileType = wrapper.framework; includeInIndex = 0; path = Pods_FlighSchedular.framework; sourceTree = BUILT_PRODUCTS_DIR; };
		BAF0B2D0976C107BE80AF7A2 /* Pods_FlighSchedularTests.framework */ = {isa = PBXFileReference; explicitFileType = wrapper.framework; includeInIndex = 0; path = Pods_FlighSchedularTests.framework; sourceTree = BUILT_PRODUCTS_DIR; };
		BE7425F901FBDDC20F50FBDB /* Pods-FlighSchedularUITests.release.xcconfig */ = {isa = PBXFileReference; includeInIndex = 1; lastKnownFileType = text.xcconfig; name = "Pods-FlighSchedularUITests.release.xcconfig"; path = "Pods/Target Support Files/Pods-FlighSchedularUITests/Pods-FlighSchedularUITests.release.xcconfig"; sourceTree = "<group>"; };
		C4E71409CF173D5FA7F37A00 /* Pods-FlighSchedularUITests.debug.xcconfig */ = {isa = PBXFileReference; includeInIndex = 1; lastKnownFileType = text.xcconfig; name = "Pods-FlighSchedularUITests.debug.xcconfig"; path = "Pods/Target Support Files/Pods-FlighSchedularUITests/Pods-FlighSchedularUITests.debug.xcconfig"; sourceTree = "<group>"; };
		C6DE3D4F478F1398226269DC /* Pods-FlighSchedular.debug.xcconfig */ = {isa = PBXFileReference; includeInIndex = 1; lastKnownFileType = text.xcconfig; name = "Pods-FlighSchedular.debug.xcconfig"; path = "Pods/Target Support Files/Pods-FlighSchedular/Pods-FlighSchedular.debug.xcconfig"; sourceTree = "<group>"; };
		C86287CFBA4EFDDCE138FA15 /* Pods_FlighSchedularUITests.framework */ = {isa = PBXFileReference; explicitFileType = wrapper.framework; includeInIndex = 0; path = Pods_FlighSchedularUITests.framework; sourceTree = BUILT_PRODUCTS_DIR; };
		E7BD6E307370A607E2DD9AC0 /* Pods-FlighSchedularTests.debug.xcconfig */ = {isa = PBXFileReference; includeInIndex = 1; lastKnownFileType = text.xcconfig; name = "Pods-FlighSchedularTests.debug.xcconfig"; path = "Pods/Target Support Files/Pods-FlighSchedularTests/Pods-FlighSchedularTests.debug.xcconfig"; sourceTree = "<group>"; };
		F330A682CAD40456FB627BC1 /* Pods-FlighSchedularTests.release.xcconfig */ = {isa = PBXFileReference; includeInIndex = 1; lastKnownFileType = text.xcconfig; name = "Pods-FlighSchedularTests.release.xcconfig"; path = "Pods/Target Support Files/Pods-FlighSchedularTests/Pods-FlighSchedularTests.release.xcconfig"; sourceTree = "<group>"; };
/* End PBXFileReference section */

/* Begin PBXFrameworksBuildPhase section */
		48A0DE7223422C4B004B1369 /* Frameworks */ = {
			isa = PBXFrameworksBuildPhase;
			buildActionMask = 2147483647;
			files = (
				EBBB07471D18AD8C8A864D0E /* Pods_FlighSchedular.framework in Frameworks */,
			);
			runOnlyForDeploymentPostprocessing = 0;
		};
		48A0DE8823422C4D004B1369 /* Frameworks */ = {
			isa = PBXFrameworksBuildPhase;
			buildActionMask = 2147483647;
			files = (
				20554C9C2E7825A5DBBB4443 /* Pods_FlighSchedularTests.framework in Frameworks */,
			);
			runOnlyForDeploymentPostprocessing = 0;
		};
		48A0DE9323422C4D004B1369 /* Frameworks */ = {
			isa = PBXFrameworksBuildPhase;
			buildActionMask = 2147483647;
			files = (
				136CE1050F0FA34C0FB1284C /* Pods_FlighSchedularUITests.framework in Frameworks */,
			);
			runOnlyForDeploymentPostprocessing = 0;
		};
/* End PBXFrameworksBuildPhase section */

/* Begin PBXGroup section */
		481609D62344E25200C387B4 /* UITableViewCells */ = {
			isa = PBXGroup;
			children = (
				481609CA2344065F00C387B4 /* FlightScheduleTBVCell.swift */,
				481609D72344E27900C387B4 /* FlightDetailTableViewCell.swift */,
			);
			path = UITableViewCells;
			sourceTree = "<group>";
		};
		4821399A2345EA02001A4420 /* APIResponseModels */ = {
			isa = PBXGroup;
			children = (
				482139F92345EAF2001A4420 /* ScheduleAPIResponse.swift */,
				482139CC2345EAB9001A4420 /* AircraftCode.swift */,
				482139D22345EABA001A4420 /* Arrival.swift */,
				482139D62345EABA001A4420 /* ArrivalAirportCode.swift */,
				482139D52345EABA001A4420 /* DatePeriod.swift */,
				482139D92345EABB001A4420 /* Departure.swift */,
				482139CD2345EAB9001A4420 /* DepartureAirportCode.swift */,
				482139D12345EABA001A4420 /* Details.swift */,
				482139DF2345EABB001A4420 /* Equipment.swift */,
				482139D42345EABA001A4420 /* FlightElement.swift */,
				482139D32345EABA001A4420 /* FlightUnion.swift */,
				482139D72345EABA001A4420 /* Link.swift */,
				482139D82345EABA001A4420 /* MarketingCarrier.swift */,
				482139CB2345EAB9001A4420 /* MarketingCarrierAirlineID.swift */,
				482139DC2345EABB001A4420 /* Meta.swift */,
				482139DB2345EABB001A4420 /* OperatingCarrier.swift */,
				482139E02345EABB001A4420 /* OperatingCarrierAirlineID.swift */,
				482139DE2345EABB001A4420 /* Schedule.swift */,
				482139D02345EABA001A4420 /* ScheduledTimeLocal.swift */,
				482139DD2345EABB001A4420 /* ScheduleResource.swift */,
				482139DA2345EABB001A4420 /* Stops.swift */,
				482139CE2345EAB9001A4420 /* Terminal.swift */,
				482139CF2345EABA001A4420 /* TotalJourney.swift */,
			);
			path = APIResponseModels;
			sourceTree = "<group>";
		};
		482139FB2345EBA1001A4420 /* SearchAirportComponent */ = {
			isa = PBXGroup;
			children = (
				48441D812348C81C000FE352 /* UIViews */,
				48213A012345EC3C001A4420 /* Coordinators */,
			);
			path = SearchAirportComponent;
			sourceTree = "<group>";
		};
		482139FC2345EBBA001A4420 /* FlightScheduleComponent */ = {
			isa = PBXGroup;
			children = (
				48441D802348C7D6000FE352 /* UIViews */,
				48CAF406234239910075BF29 /* ViewModels */,
				48213A272345EDB3001A4420 /* ComponentsModels */,
				482139FF2345EC10001A4420 /* Coordinators */,
			);
			path = FlightScheduleComponent;
			sourceTree = "<group>";
		};
		482139FD2345EBF6001A4420 /* SubViews */ = {
			isa = PBXGroup;
			children = (
				48795B9123435BF00067A0C8 /* FlightSchedulesSubView.swift */,
				481609D02344D89E00C387B4 /* FlightScheduleDetailSubView.swift */,
			);
			path = SubViews;
			sourceTree = "<group>";
		};
		482139FE2345EC05001A4420 /* ViewControllers */ = {
			isa = PBXGroup;
			children = (
				48D5BEFD23425CAB0023C387 /* FlightSchedulesViewController.swift */,
				481609CE2344D5E000C387B4 /* FlightScheduleDetailViewController.swift */,
			);
			path = ViewControllers;
			sourceTree = "<group>";
		};
		482139FF2345EC10001A4420 /* Coordinators */ = {
			isa = PBXGroup;
			children = (
				48795B8E23435B630067A0C8 /* FlightSchedulesCoordinator.swift */,
			);
			path = Coordinators;
			sourceTree = "<group>";
		};
		48213A002345EC33001A4420 /* subViews */ = {
			isa = PBXGroup;
			children = (
				48CAF404234238BD0075BF29 /* SearchPlaceSubView.swift */,
			);
			path = subViews;
			sourceTree = "<group>";
		};
		48213A012345EC3C001A4420 /* Coordinators */ = {
			isa = PBXGroup;
			children = (
				48CAF400234238250075BF29 /* SearchForPlacesCoordinator.swift */,
			);
			path = Coordinators;
			sourceTree = "<group>";
		};
		48213A022345EC4B001A4420 /* ViewControllers */ = {
			isa = PBXGroup;
			children = (
				48CAF3FE2342380B0075BF29 /* PlacesViewController.swift */,
			);
			path = ViewControllers;
			sourceTree = "<group>";
		};
		48213A032345ECD0001A4420 /* ViewControllers */ = {
			isa = PBXGroup;
			children = (
				48A0DEB123422F0B004B1369 /* JourneyMapViewController.swift */,
			);
			path = ViewControllers;
			sourceTree = "<group>";
		};
		48213A042345ECDE001A4420 /* Coordinators */ = {
			isa = PBXGroup;
			children = (
				48A0DEAE23422EAA004B1369 /* JourneyMapViewCoordinator.swift */,
			);
			path = Coordinators;
			sourceTree = "<group>";
		};
		48213A272345EDB3001A4420 /* ComponentsModels */ = {
			isa = PBXGroup;
			children = (
				48213A282345EDBF001A4420 /* ScheduleModel.swift */,
				48213A2A2345EDBF001A4420 /* IATA.swift */,
				48213A292345EDBF001A4420 /* Station.swift */,
				48213A2C2345F1E8001A4420 /* FlightModel.swift */,
			);
			path = ComponentsModels;
			sourceTree = "<group>";
		};
		48441D802348C7D6000FE352 /* UIViews */ = {
			isa = PBXGroup;
			children = (
				481609D62344E25200C387B4 /* UITableViewCells */,
				482139FE2345EC05001A4420 /* ViewControllers */,
				482139FD2345EBF6001A4420 /* SubViews */,
			);
			path = UIViews;
			sourceTree = "<group>";
		};
		48441D812348C81C000FE352 /* UIViews */ = {
			isa = PBXGroup;
			children = (
				48213A022345EC4B001A4420 /* ViewControllers */,
				48213A002345EC33001A4420 /* subViews */,
			);
			path = UIViews;
			sourceTree = "<group>";
		};
		48441D822348C82A000FE352 /* UIViews */ = {
			isa = PBXGroup;
			children = (
				487FA6DB2348DC7100ADFDA5 /* SubViews */,
				48213A032345ECD0001A4420 /* ViewControllers */,
			);
			path = UIViews;
			sourceTree = "<group>";
		};
		48441DC32348CD57000FE352 /* FloatingUIViews */ = {
			isa = PBXGroup;
			children = (
				48441DC42348CD57000FE352 /* FloatingSearchBar.swift */,
				48441DC52348CD57000FE352 /* Extensions.swift */,
				48441DC62348CD57000FE352 /* ClickableView.swift */,
				48441DC72348CD57000FE352 /* FloatingUIViews.h */,
				48441DC82348CD57000FE352 /* FloatingSearchBox.swift */,
				48441DC92348CD57000FE352 /* DatePickerDialog.swift */,
			);
			path = FloatingUIViews;
			sourceTree = "<group>";
		};
		48441DD12348CD81000FE352 /* FloatingUIViews */ = {
			isa = PBXGroup;
			children = (
				48441DD22348CD81000FE352 /* FloatingSearchBar.swift */,
				48441DD32348CD81000FE352 /* Extensions.swift */,
				48441DD42348CD81000FE352 /* ClickableView.swift */,
				48441DD52348CD81000FE352 /* FloatingUIViews.h */,
				48441DD62348CD81000FE352 /* FloatingSearchBox.swift */,
				48441DD72348CD81000FE352 /* DatePickerDialog.swift */,
				48441DD82348CD81000FE352 /* Info.plist */,
			);
			path = FloatingUIViews;
			sourceTree = "<group>";
		};
		487FA6DB2348DC7100ADFDA5 /* SubViews */ = {
			isa = PBXGroup;
			children = (
				487FA6DC2348DC8500ADFDA5 /* LocationView.swift */,
			);
			path = SubViews;
			sourceTree = "<group>";
		};
		4894AF0A2342C30600754E50 /* HTTP */ = {
			isa = PBXGroup;
			children = (
				4894AF0B2342C30600754E50 /* APIError.swift */,
				4894AF0C2342C30600754E50 /* APIRequestConstants.swift */,
				4894AF0D2342C30600754E50 /* APIRequestExecuter.swift */,
				4894AF0E2342C30600754E50 /* APIEndPoint.swift */,
				4894AF0F2342C30600754E50 /* APIRequest.swift */,
			);
			path = HTTP;
			sourceTree = "<group>";
		};
		4894AF152342C33000754E50 /* Services */ = {
			isa = PBXGroup;
			children = (
				48F15B7E23492AE20083024C /* StorageService */,
				4894AF1B2342C37900754E50 /* APIService */,
				4894AF1A2342C36D00754E50 /* LocationService */,
			);
			path = Services;
			sourceTree = "<group>";
		};
		4894AF1A2342C36D00754E50 /* LocationService */ = {
			isa = PBXGroup;
			children = (
				48D5BF002342A9470023C387 /* FlightSchedularLocationService.swift */,
				48F15B7C23492AA40083024C /* FlightSchedularLocationServiceProtocol.swift */,
			);
			path = LocationService;
			sourceTree = "<group>";
		};
		4894AF1B2342C37900754E50 /* APIService */ = {
			isa = PBXGroup;
			children = (
				4894AF162342C33000754E50 /* FlightScheduleAPIServiceImpl.swift */,
				4894AF1F23433DA300754E50 /* FlightScheduleAPIService.swift */,
			);
			path = APIService;
			sourceTree = "<group>";
		};
		48A0DE6C23422C4B004B1369 = {
			isa = PBXGroup;
			children = (
				48441DC32348CD57000FE352 /* FloatingUIViews */,
				48A0DE7723422C4B004B1369 /* FlighSchedular */,
				48A0DE8E23422C4D004B1369 /* FlighSchedularTests */,
				48A0DE9923422C4D004B1369 /* FlighSchedularUITests */,
				48A0DE7623422C4B004B1369 /* Products */,
				48A0DEE8234232AE004B1369 /* Frameworks */,
				6B6B618676848182FA99D82E /* Pods */,
			);
			sourceTree = "<group>";
		};
		48A0DE7623422C4B004B1369 /* Products */ = {
			isa = PBXGroup;
			children = (
				48A0DE7523422C4B004B1369 /* FlighSchedular.app */,
				48A0DE8B23422C4D004B1369 /* FlighSchedularTests.xctest */,
				48A0DE9623422C4D004B1369 /* FlighSchedularUITests.xctest */,
			);
			name = Products;
			sourceTree = "<group>";
		};
		48A0DE7723422C4B004B1369 /* FlighSchedular */ = {
			isa = PBXGroup;
			children = (
				4894AF0A2342C30600754E50 /* HTTP */,
				48D5BECE234259F90023C387 /* AppModels */,
				48D5BECA2342453B0023C387 /* Helpers */,
				48A0DEB023422EE3004B1369 /* Components */,
				48A0DEA823422C5E004B1369 /* Coordinators */,
				48A0DE7823422C4B004B1369 /* AppDelegate.swift */,
				48A0DE7A23422C4B004B1369 /* SceneDelegate.swift */,
				48A0DE7E23422C4D004B1369 /* Assets.xcassets */,
				48A0DE8323422C4D004B1369 /* LaunchScreen.storyboard */,
				48A0DE8623422C4D004B1369 /* Info.plist */,
				48A0DE8023422C4D004B1369 /* Preview Content */,
				488515E62342ACED006FA161 /* IATA.bundle */,
			);
			path = FlighSchedular;
			sourceTree = "<group>";
		};
		48A0DE8023422C4D004B1369 /* Preview Content */ = {
			isa = PBXGroup;
			children = (
				48A0DE8123422C4D004B1369 /* Preview Assets.xcassets */,
			);
			path = "Preview Content";
			sourceTree = "<group>";
		};
		48A0DE8E23422C4D004B1369 /* FlighSchedularTests */ = {
			isa = PBXGroup;
			children = (
				48A0DE8F23422C4D004B1369 /* FlighSchedularTests.swift */,
				48A0DE9123422C4D004B1369 /* Info.plist */,
				48441D7E2348A4AA000FE352 /* FlightScheduleViewModelTests.swift */,
				487FA6DE2348E6D500ADFDA5 /* FlightLocationServiceTests.swift */,
				48F15B7A234929AA0083024C /* FlightScheduleAPIServiceTests.swift */,
			);
			path = FlighSchedularTests;
			sourceTree = "<group>";
		};
		48A0DE9923422C4D004B1369 /* FlighSchedularUITests */ = {
			isa = PBXGroup;
			children = (
				48A0DE9A23422C4D004B1369 /* FlighSchedularUITests.swift */,
				48A0DE9C23422C4D004B1369 /* Info.plist */,
			);
			path = FlighSchedularUITests;
			sourceTree = "<group>";
		};
		48A0DEA823422C5E004B1369 /* Coordinators */ = {
			isa = PBXGroup;
			children = (
				48A0DEAA23422CA0004B1369 /* AppCoordinator.swift */,
				48A0DEAC23422CBC004B1369 /* BaseCoordinator.swift */,
			);
			path = Coordinators;
			sourceTree = "<group>";
		};
		48A0DEB023422EE3004B1369 /* Components */ = {
			isa = PBXGroup;
			children = (
				482139FC2345EBBA001A4420 /* FlightScheduleComponent */,
				482139FB2345EBA1001A4420 /* SearchAirportComponent */,
				48CAF4032342389E0075BF29 /* JourneyComponent */,
				48CAF402234238970075BF29 /* BaseSubView */,
			);
			path = Components;
			sourceTree = "<group>";
		};
		48A0DEE8234232AE004B1369 /* Frameworks */ = {
			isa = PBXGroup;
			children = (
				48441DD12348CD81000FE352 /* FloatingUIViews */,
				6C861C699E77B8A7118234F4 /* Pods_FlighSchedular.framework */,
				BAF0B2D0976C107BE80AF7A2 /* Pods_FlighSchedularTests.framework */,
				C86287CFBA4EFDDCE138FA15 /* Pods_FlighSchedularUITests.framework */,
			);
			name = Frameworks;
			sourceTree = "<group>";
		};
		48CAF402234238970075BF29 /* BaseSubView */ = {
			isa = PBXGroup;
			children = (
				481609D22344D8D600C387B4 /* BaseSubViewProtocol.swift */,
				4898A251234648440041108F /* LabelList.swift */,
			);
			path = BaseSubView;
			sourceTree = "<group>";
		};
		48CAF4032342389E0075BF29 /* JourneyComponent */ = {
			isa = PBXGroup;
			children = (
				48441D822348C82A000FE352 /* UIViews */,
				48213A042345ECDE001A4420 /* Coordinators */,
			);
			path = JourneyComponent;
			sourceTree = "<group>";
		};
		48CAF406234239910075BF29 /* ViewModels */ = {
			isa = PBXGroup;
			children = (
				4894AF152342C33000754E50 /* Services */,
				48CAF407234239B70075BF29 /* FlightSchedularViewModelImp.swift */,
				48CAF40923423A020075BF29 /* FlightSchedularViewModel.swift */,
			);
			path = ViewModels;
			sourceTree = "<group>";
		};
		48D5BECA2342453B0023C387 /* Helpers */ = {
			isa = PBXGroup;
			children = (
				48D5BEF723425C490023C387 /* DataCache.swift */,
				48D5BEF823425C490023C387 /* General+Extensions.swift */,
				48D5BEF923425C490023C387 /* Helper.swift */,
				48D5BECC2342454F0023C387 /* ReactiveExtensions.swift */,
				482139972345DFCB001A4420 /* NSMutableAttributedString.swift */,
			);
			path = Helpers;
			sourceTree = "<group>";
		};
		48D5BECE234259F90023C387 /* AppModels */ = {
			isa = PBXGroup;
			children = (
				4821399A2345EA02001A4420 /* APIResponseModels */,
				48D5BECF23425A110023C387 /* APIRequestModels */,
			);
			path = AppModels;
			sourceTree = "<group>";
		};
		48D5BECF23425A110023C387 /* APIRequestModels */ = {
			isa = PBXGroup;
			children = (
				48D5BED023425A110023C387 /* ScheduleRequestParameter.swift */,
				48D5BED123425A110023C387 /* TokenResponse.swift */,
				481609C82343F7A700C387B4 /* ProcessingError.swift */,
			);
			name = APIRequestModels;
			path = ../../../FlightSchedule/FlightSchedule/Models/APIRequestModels;
			sourceTree = "<group>";
		};
		48F15B7E23492AE20083024C /* StorageService */ = {
			isa = PBXGroup;
			children = (
				4894AF172342C33000754E50 /* FlightScheduleStorageService.swift */,
			);
			path = StorageService;
			sourceTree = "<group>";
		};
		6B6B618676848182FA99D82E /* Pods */ = {
			isa = PBXGroup;
			children = (
				C6DE3D4F478F1398226269DC /* Pods-FlighSchedular.debug.xcconfig */,
				1EB2C49F7BA4FC1D6286E472 /* Pods-FlighSchedular.release.xcconfig */,
				E7BD6E307370A607E2DD9AC0 /* Pods-FlighSchedularTests.debug.xcconfig */,
				F330A682CAD40456FB627BC1 /* Pods-FlighSchedularTests.release.xcconfig */,
				C4E71409CF173D5FA7F37A00 /* Pods-FlighSchedularUITests.debug.xcconfig */,
				BE7425F901FBDDC20F50FBDB /* Pods-FlighSchedularUITests.release.xcconfig */,
			);
			name = Pods;
			sourceTree = "<group>";
		};
/* End PBXGroup section */

/* Begin PBXNativeTarget section */
		48A0DE7423422C4B004B1369 /* FlighSchedular */ = {
			isa = PBXNativeTarget;
			buildConfigurationList = 48A0DE9F23422C4D004B1369 /* Build configuration list for PBXNativeTarget "FlighSchedular" */;
			buildPhases = (
				46BBBE30BAEE121E91FF8954 /* [CP] Check Pods Manifest.lock */,
				48A0DE7123422C4B004B1369 /* Sources */,
				48A0DE7223422C4B004B1369 /* Frameworks */,
				48A0DE7323422C4B004B1369 /* Resources */,
				48CAF3FD2342348D0075BF29 /* Embed Frameworks */,
				27B1A4A794D3825E5736B610 /* [CP] Embed Pods Frameworks */,
			);
			buildRules = (
			);
			dependencies = (
			);
			name = FlighSchedular;
			productName = FlighSchedular;
			productReference = 48A0DE7523422C4B004B1369 /* FlighSchedular.app */;
			productType = "com.apple.product-type.application";
		};
		48A0DE8A23422C4D004B1369 /* FlighSchedularTests */ = {
			isa = PBXNativeTarget;
			buildConfigurationList = 48A0DEA223422C4D004B1369 /* Build configuration list for PBXNativeTarget "FlighSchedularTests" */;
			buildPhases = (
				4619D3F537E5A1CDB5D539A3 /* [CP] Check Pods Manifest.lock */,
				48A0DE8723422C4D004B1369 /* Sources */,
				48A0DE8823422C4D004B1369 /* Frameworks */,
				48A0DE8923422C4D004B1369 /* Resources */,
				99547017B9995692AE873EA7 /* [CP] Embed Pods Frameworks */,
			);
			buildRules = (
			);
			dependencies = (
				48A0DE8D23422C4D004B1369 /* PBXTargetDependency */,
			);
			name = FlighSchedularTests;
			productName = FlighSchedularTests;
			productReference = 48A0DE8B23422C4D004B1369 /* FlighSchedularTests.xctest */;
			productType = "com.apple.product-type.bundle.unit-test";
		};
		48A0DE9523422C4D004B1369 /* FlighSchedularUITests */ = {
			isa = PBXNativeTarget;
			buildConfigurationList = 48A0DEA523422C4D004B1369 /* Build configuration list for PBXNativeTarget "FlighSchedularUITests" */;
			buildPhases = (
				2A2EACA80BF44196E1143C68 /* [CP] Check Pods Manifest.lock */,
				48A0DE9223422C4D004B1369 /* Sources */,
				48A0DE9323422C4D004B1369 /* Frameworks */,
				48A0DE9423422C4D004B1369 /* Resources */,
			);
			buildRules = (
			);
			dependencies = (
				48A0DE9823422C4D004B1369 /* PBXTargetDependency */,
			);
			name = FlighSchedularUITests;
			productName = FlighSchedularUITests;
			productReference = 48A0DE9623422C4D004B1369 /* FlighSchedularUITests.xctest */;
			productType = "com.apple.product-type.bundle.ui-testing";
		};
/* End PBXNativeTarget section */

/* Begin PBXProject section */
		48A0DE6D23422C4B004B1369 /* Project object */ = {
			isa = PBXProject;
			attributes = {
				LastSwiftUpdateCheck = 1100;
				LastUpgradeCheck = 1100;
				ORGANIZATIONNAME = "Engineer 144";
				TargetAttributes = {
					48A0DE7423422C4B004B1369 = {
						CreatedOnToolsVersion = 11.0;
					};
					48A0DE8A23422C4D004B1369 = {
						CreatedOnToolsVersion = 11.0;
						TestTargetID = 48A0DE7423422C4B004B1369;
					};
					48A0DE9523422C4D004B1369 = {
						CreatedOnToolsVersion = 11.0;
						TestTargetID = 48A0DE7423422C4B004B1369;
					};
				};
			};
			buildConfigurationList = 48A0DE7023422C4B004B1369 /* Build configuration list for PBXProject "FlighSchedular" */;
			compatibilityVersion = "Xcode 9.3";
			developmentRegion = en;
			hasScannedForEncodings = 0;
			knownRegions = (
				en,
				Base,
			);
			mainGroup = 48A0DE6C23422C4B004B1369;
			productRefGroup = 48A0DE7623422C4B004B1369 /* Products */;
			projectDirPath = "";
			projectRoot = "";
			targets = (
				48A0DE7423422C4B004B1369 /* FlighSchedular */,
				48A0DE8A23422C4D004B1369 /* FlighSchedularTests */,
				48A0DE9523422C4D004B1369 /* FlighSchedularUITests */,
			);
		};
/* End PBXProject section */

/* Begin PBXResourcesBuildPhase section */
		48A0DE7323422C4B004B1369 /* Resources */ = {
			isa = PBXResourcesBuildPhase;
			buildActionMask = 2147483647;
			files = (
				48A0DE8523422C4D004B1369 /* LaunchScreen.storyboard in Resources */,
				48A0DE8223422C4D004B1369 /* Preview Assets.xcassets in Resources */,
				488515E72342ACED006FA161 /* IATA.bundle in Resources */,
				48A0DE7F23422C4D004B1369 /* Assets.xcassets in Resources */,
			);
			runOnlyForDeploymentPostprocessing = 0;
		};
		48A0DE8923422C4D004B1369 /* Resources */ = {
			isa = PBXResourcesBuildPhase;
			buildActionMask = 2147483647;
			files = (
			);
			runOnlyForDeploymentPostprocessing = 0;
		};
		48A0DE9423422C4D004B1369 /* Resources */ = {
			isa = PBXResourcesBuildPhase;
			buildActionMask = 2147483647;
			files = (
			);
			runOnlyForDeploymentPostprocessing = 0;
		};
/* End PBXResourcesBuildPhase section */

/* Begin PBXShellScriptBuildPhase section */
		27B1A4A794D3825E5736B610 /* [CP] Embed Pods Frameworks */ = {
			isa = PBXShellScriptBuildPhase;
			buildActionMask = 2147483647;
			files = (
			);
			inputPaths = (
				"${SRCROOT}/Pods/Target Support Files/Pods-FlighSchedular/Pods-FlighSchedular-frameworks.sh",
				"${BUILT_PRODUCTS_DIR}/RxCocoa/RxCocoa.framework",
				"${BUILT_PRODUCTS_DIR}/RxRelay/RxRelay.framework",
				"${BUILT_PRODUCTS_DIR}/RxSwift/RxSwift.framework",
			);
			name = "[CP] Embed Pods Frameworks";
			outputPaths = (
				"${TARGET_BUILD_DIR}/${FRAMEWORKS_FOLDER_PATH}/RxCocoa.framework",
				"${TARGET_BUILD_DIR}/${FRAMEWORKS_FOLDER_PATH}/RxRelay.framework",
				"${TARGET_BUILD_DIR}/${FRAMEWORKS_FOLDER_PATH}/RxSwift.framework",
			);
			runOnlyForDeploymentPostprocessing = 0;
			shellPath = /bin/sh;
			shellScript = "\"${SRCROOT}/Pods/Target Support Files/Pods-FlighSchedular/Pods-FlighSchedular-frameworks.sh\"\n";
			showEnvVarsInLog = 0;
		};
		2A2EACA80BF44196E1143C68 /* [CP] Check Pods Manifest.lock */ = {
			isa = PBXShellScriptBuildPhase;
			buildActionMask = 2147483647;
			files = (
			);
			inputPaths = (
				"${PODS_PODFILE_DIR_PATH}/Podfile.lock",
				"${PODS_ROOT}/Manifest.lock",
			);
			name = "[CP] Check Pods Manifest.lock";
			outputPaths = (
				"$(DERIVED_FILE_DIR)/Pods-FlighSchedularUITests-checkManifestLockResult.txt",
			);
			runOnlyForDeploymentPostprocessing = 0;
			shellPath = /bin/sh;
			shellScript = "diff \"${PODS_PODFILE_DIR_PATH}/Podfile.lock\" \"${PODS_ROOT}/Manifest.lock\" > /dev/null\nif [ $? != 0 ] ; then\n    # print error to STDERR\n    echo \"error: The sandbox is not in sync with the Podfile.lock. Run 'pod install' or update your CocoaPods installation.\" >&2\n    exit 1\nfi\n# This output is used by Xcode 'outputs' to avoid re-running this script phase.\necho \"SUCCESS\" > \"${SCRIPT_OUTPUT_FILE_0}\"\n";
			showEnvVarsInLog = 0;
		};
		4619D3F537E5A1CDB5D539A3 /* [CP] Check Pods Manifest.lock */ = {
			isa = PBXShellScriptBuildPhase;
			buildActionMask = 2147483647;
			files = (
			);
			inputPaths = (
				"${PODS_PODFILE_DIR_PATH}/Podfile.lock",
				"${PODS_ROOT}/Manifest.lock",
			);
			name = "[CP] Check Pods Manifest.lock";
			outputPaths = (
				"$(DERIVED_FILE_DIR)/Pods-FlighSchedularTests-checkManifestLockResult.txt",
			);
			runOnlyForDeploymentPostprocessing = 0;
			shellPath = /bin/sh;
			shellScript = "diff \"${PODS_PODFILE_DIR_PATH}/Podfile.lock\" \"${PODS_ROOT}/Manifest.lock\" > /dev/null\nif [ $? != 0 ] ; then\n    # print error to STDERR\n    echo \"error: The sandbox is not in sync with the Podfile.lock. Run 'pod install' or update your CocoaPods installation.\" >&2\n    exit 1\nfi\n# This output is used by Xcode 'outputs' to avoid re-running this script phase.\necho \"SUCCESS\" > \"${SCRIPT_OUTPUT_FILE_0}\"\n";
			showEnvVarsInLog = 0;
		};
		46BBBE30BAEE121E91FF8954 /* [CP] Check Pods Manifest.lock */ = {
			isa = PBXShellScriptBuildPhase;
			buildActionMask = 2147483647;
			files = (
			);
			inputPaths = (
				"${PODS_PODFILE_DIR_PATH}/Podfile.lock",
				"${PODS_ROOT}/Manifest.lock",
			);
			name = "[CP] Check Pods Manifest.lock";
			outputPaths = (
				"$(DERIVED_FILE_DIR)/Pods-FlighSchedular-checkManifestLockResult.txt",
			);
			runOnlyForDeploymentPostprocessing = 0;
			shellPath = /bin/sh;
			shellScript = "diff \"${PODS_PODFILE_DIR_PATH}/Podfile.lock\" \"${PODS_ROOT}/Manifest.lock\" > /dev/null\nif [ $? != 0 ] ; then\n    # print error to STDERR\n    echo \"error: The sandbox is not in sync with the Podfile.lock. Run 'pod install' or update your CocoaPods installation.\" >&2\n    exit 1\nfi\n# This output is used by Xcode 'outputs' to avoid re-running this script phase.\necho \"SUCCESS\" > \"${SCRIPT_OUTPUT_FILE_0}\"\n";
			showEnvVarsInLog = 0;
		};
		99547017B9995692AE873EA7 /* [CP] Embed Pods Frameworks */ = {
			isa = PBXShellScriptBuildPhase;
			buildActionMask = 2147483647;
			files = (
			);
			inputPaths = (
				"${SRCROOT}/Pods/Target Support Files/Pods-FlighSchedularTests/Pods-FlighSchedularTests-frameworks.sh",
				"${BUILT_PRODUCTS_DIR}/RxSwift/RxSwift.framework",
				"${BUILT_PRODUCTS_DIR}/RxBlocking/RxBlocking.framework",
				"${BUILT_PRODUCTS_DIR}/RxTest/RxTest.framework",
			);
			name = "[CP] Embed Pods Frameworks";
			outputPaths = (
				"${TARGET_BUILD_DIR}/${FRAMEWORKS_FOLDER_PATH}/RxSwift.framework",
				"${TARGET_BUILD_DIR}/${FRAMEWORKS_FOLDER_PATH}/RxBlocking.framework",
				"${TARGET_BUILD_DIR}/${FRAMEWORKS_FOLDER_PATH}/RxTest.framework",
			);
			runOnlyForDeploymentPostprocessing = 0;
			shellPath = /bin/sh;
			shellScript = "\"${SRCROOT}/Pods/Target Support Files/Pods-FlighSchedularTests/Pods-FlighSchedularTests-frameworks.sh\"\n";
			showEnvVarsInLog = 0;
		};
/* End PBXShellScriptBuildPhase section */

/* Begin PBXSourcesBuildPhase section */
		48A0DE7123422C4B004B1369 /* Sources */ = {
			isa = PBXSourcesBuildPhase;
			buildActionMask = 2147483647;
			files = (
				48441DCB2348CD57000FE352 /* FloatingSearchBar.swift in Sources */,
				48441DCC2348CD57000FE352 /* Extensions.swift in Sources */,
				48441DCD2348CD57000FE352 /* ClickableView.swift in Sources */,
				48441DCE2348CD57000FE352 /* FloatingSearchBox.swift in Sources */,
				48441DCF2348CD57000FE352 /* DatePickerDialog.swift in Sources */,
				48213A2F2345F24C001A4420 /* ScheduleModel.swift in Sources */,
				48213A302345F24C001A4420 /* IATA.swift in Sources */,
				48213A312345F24C001A4420 /* Station.swift in Sources */,
				482139F02345EABB001A4420 /* Stops.swift in Sources */,
				482139F12345EABB001A4420 /* OperatingCarrier.swift in Sources */,
				48A0DEAB23422CA0004B1369 /* AppCoordinator.swift in Sources */,
				48CAF408234239B70075BF29 /* FlightSchedularViewModelImp.swift in Sources */,
				4894AF112342C30600754E50 /* APIRequestConstants.swift in Sources */,
				482139ED2345EABB001A4420 /* Link.swift in Sources */,
				48CAF405234238BD0075BF29 /* SearchPlaceSubView.swift in Sources */,
				482139F22345EABB001A4420 /* Meta.swift in Sources */,
				481609D82344E27900C387B4 /* FlightDetailTableViewCell.swift in Sources */,
				48A0DE7923422C4B004B1369 /* AppDelegate.swift in Sources */,
				4894AF182342C33000754E50 /* FlightScheduleAPIServiceImpl.swift in Sources */,
				4894AF132342C30600754E50 /* APIEndPoint.swift in Sources */,
				48D5BEE523425A120023C387 /* TokenResponse.swift in Sources */,
				482139EB2345EABB001A4420 /* DatePeriod.swift in Sources */,
				482139982345DFCB001A4420 /* NSMutableAttributedString.swift in Sources */,
				482139E42345EABB001A4420 /* Terminal.swift in Sources */,
				48D5BF012342A9470023C387 /* FlightSchedularLocationService.swift in Sources */,
				48795B9223435BF10067A0C8 /* FlightSchedulesSubView.swift in Sources */,
				482139E62345EABB001A4420 /* ScheduledTimeLocal.swift in Sources */,
				48213A2D2345F1E8001A4420 /* FlightModel.swift in Sources */,
				48CAF3FF2342380B0075BF29 /* PlacesViewController.swift in Sources */,
				48A0DEAD23422CBD004B1369 /* BaseCoordinator.swift in Sources */,
				482139EE2345EABB001A4420 /* MarketingCarrier.swift in Sources */,
				48CAF40A23423A020075BF29 /* FlightSchedularViewModel.swift in Sources */,
				482139E52345EABB001A4420 /* TotalJourney.swift in Sources */,
				481609D12344D89E00C387B4 /* FlightScheduleDetailSubView.swift in Sources */,
				482139F52345EABB001A4420 /* Equipment.swift in Sources */,
				482139FA2345EAF2001A4420 /* ScheduleAPIResponse.swift in Sources */,
				48D5BEFA23425C4A0023C387 /* DataCache.swift in Sources */,
				48CAF401234238250075BF29 /* SearchForPlacesCoordinator.swift in Sources */,
				482139F32345EABB001A4420 /* ScheduleResource.swift in Sources */,
				48D5BEFE23425CAB0023C387 /* FlightSchedulesViewController.swift in Sources */,
				48D5BEE423425A120023C387 /* ScheduleRequestParameter.swift in Sources */,
				48795B8F23435B630067A0C8 /* FlightSchedulesCoordinator.swift in Sources */,
				48A0DEB223422F0B004B1369 /* JourneyMapViewController.swift in Sources */,
				482139EF2345EABB001A4420 /* Departure.swift in Sources */,
				481609C92343F7A700C387B4 /* ProcessingError.swift in Sources */,
				482139F42345EABB001A4420 /* Schedule.swift in Sources */,
				481609CF2344D5E000C387B4 /* FlightScheduleDetailViewController.swift in Sources */,
				482139E92345EABB001A4420 /* FlightUnion.swift in Sources */,
				482139EA2345EABB001A4420 /* FlightElement.swift in Sources */,
				481609CB2344065F00C387B4 /* FlightScheduleTBVCell.swift in Sources */,
				4894AF102342C30600754E50 /* APIError.swift in Sources */,
				48D5BEFC23425C4A0023C387 /* Helper.swift in Sources */,
				481609D32344D8D600C387B4 /* BaseSubViewProtocol.swift in Sources */,
				48D5BEFB23425C4A0023C387 /* General+Extensions.swift in Sources */,
				48F15B7D23492AA40083024C /* FlightSchedularLocationServiceProtocol.swift in Sources */,
				48A0DE7B23422C4B004B1369 /* SceneDelegate.swift in Sources */,
				482139EC2345EABB001A4420 /* ArrivalAirportCode.swift in Sources */,
				482139E82345EABB001A4420 /* Arrival.swift in Sources */,
				482139E12345EABB001A4420 /* MarketingCarrierAirlineID.swift in Sources */,
				482139E22345EABB001A4420 /* AircraftCode.swift in Sources */,
				482139E32345EABB001A4420 /* DepartureAirportCode.swift in Sources */,
				48D5BECD2342454F0023C387 /* ReactiveExtensions.swift in Sources */,
				4894AF122342C30600754E50 /* APIRequestExecuter.swift in Sources */,
				48A0DEAF23422EAA004B1369 /* JourneyMapViewCoordinator.swift in Sources */,
				4894AF192342C33000754E50 /* FlightScheduleStorageService.swift in Sources */,
				482139F62345EABB001A4420 /* OperatingCarrierAirlineID.swift in Sources */,
				4898A252234648440041108F /* LabelList.swift in Sources */,
				4894AF2023433DA300754E50 /* FlightScheduleAPIService.swift in Sources */,
				487FA6DD2348DC8500ADFDA5 /* LocationView.swift in Sources */,
				4894AF142342C30600754E50 /* APIRequest.swift in Sources */,
				482139E72345EABB001A4420 /* Details.swift in Sources */,
			);
			runOnlyForDeploymentPostprocessing = 0;
		};
		48A0DE8723422C4D004B1369 /* Sources */ = {
			isa = PBXSourcesBuildPhase;
			buildActionMask = 2147483647;
			files = (
				48A0DE9023422C4D004B1369 /* FlighSchedularTests.swift in Sources */,
				48441D7F2348A4AA000FE352 /* FlightScheduleViewModelTests.swift in Sources */,
				487FA6DF2348E6D500ADFDA5 /* FlightLocationServiceTests.swift in Sources */,
				48F15B7B234929AA0083024C /* FlightScheduleAPIServiceTests.swift in Sources */,
			);
			runOnlyForDeploymentPostprocessing = 0;
		};
		48A0DE9223422C4D004B1369 /* Sources */ = {
			isa = PBXSourcesBuildPhase;
			buildActionMask = 2147483647;
			files = (
				48A0DE9B23422C4D004B1369 /* FlighSchedularUITests.swift in Sources */,
			);
			runOnlyForDeploymentPostprocessing = 0;
		};
/* End PBXSourcesBuildPhase section */

/* Begin PBXTargetDependency section */
		48A0DE8D23422C4D004B1369 /* PBXTargetDependency */ = {
			isa = PBXTargetDependency;
			target = 48A0DE7423422C4B004B1369 /* FlighSchedular */;
			targetProxy = 48A0DE8C23422C4D004B1369 /* PBXContainerItemProxy */;
		};
		48A0DE9823422C4D004B1369 /* PBXTargetDependency */ = {
			isa = PBXTargetDependency;
			target = 48A0DE7423422C4B004B1369 /* FlighSchedular */;
			targetProxy = 48A0DE9723422C4D004B1369 /* PBXContainerItemProxy */;
		};
/* End PBXTargetDependency section */

/* Begin PBXVariantGroup section */
		48A0DE8323422C4D004B1369 /* LaunchScreen.storyboard */ = {
			isa = PBXVariantGroup;
			children = (
				48A0DE8423422C4D004B1369 /* Base */,
			);
			name = LaunchScreen.storyboard;
			sourceTree = "<group>";
		};
/* End PBXVariantGroup section */

/* Begin XCBuildConfiguration section */
		48A0DE9D23422C4D004B1369 /* Debug */ = {
			isa = XCBuildConfiguration;
			buildSettings = {
				ALWAYS_SEARCH_USER_PATHS = NO;
				CLANG_ANALYZER_NONNULL = YES;
				CLANG_ANALYZER_NUMBER_OBJECT_CONVERSION = YES_AGGRESSIVE;
				CLANG_CXX_LANGUAGE_STANDARD = "gnu++14";
				CLANG_CXX_LIBRARY = "libc++";
				CLANG_ENABLE_MODULES = YES;
				CLANG_ENABLE_OBJC_ARC = YES;
				CLANG_ENABLE_OBJC_WEAK = YES;
				CLANG_WARN_BLOCK_CAPTURE_AUTORELEASING = YES;
				CLANG_WARN_BOOL_CONVERSION = YES;
				CLANG_WARN_COMMA = YES;
				CLANG_WARN_CONSTANT_CONVERSION = YES;
				CLANG_WARN_DEPRECATED_OBJC_IMPLEMENTATIONS = YES;
				CLANG_WARN_DIRECT_OBJC_ISA_USAGE = YES_ERROR;
				CLANG_WARN_DOCUMENTATION_COMMENTS = YES;
				CLANG_WARN_EMPTY_BODY = YES;
				CLANG_WARN_ENUM_CONVERSION = YES;
				CLANG_WARN_INFINITE_RECURSION = YES;
				CLANG_WARN_INT_CONVERSION = YES;
				CLANG_WARN_NON_LITERAL_NULL_CONVERSION = YES;
				CLANG_WARN_OBJC_IMPLICIT_RETAIN_SELF = YES;
				CLANG_WARN_OBJC_LITERAL_CONVERSION = YES;
				CLANG_WARN_OBJC_ROOT_CLASS = YES_ERROR;
				CLANG_WARN_RANGE_LOOP_ANALYSIS = YES;
				CLANG_WARN_STRICT_PROTOTYPES = YES;
				CLANG_WARN_SUSPICIOUS_MOVE = YES;
				CLANG_WARN_UNGUARDED_AVAILABILITY = YES_AGGRESSIVE;
				CLANG_WARN_UNREACHABLE_CODE = YES;
				CLANG_WARN__DUPLICATE_METHOD_MATCH = YES;
				COPY_PHASE_STRIP = NO;
				DEBUG_INFORMATION_FORMAT = dwarf;
				ENABLE_STRICT_OBJC_MSGSEND = YES;
				ENABLE_TESTABILITY = YES;
				GCC_C_LANGUAGE_STANDARD = gnu11;
				GCC_DYNAMIC_NO_PIC = NO;
				GCC_NO_COMMON_BLOCKS = YES;
				GCC_OPTIMIZATION_LEVEL = 0;
				GCC_PREPROCESSOR_DEFINITIONS = (
					"DEBUG=1",
					"$(inherited)",
				);
				GCC_WARN_64_TO_32_BIT_CONVERSION = YES;
				GCC_WARN_ABOUT_RETURN_TYPE = YES_ERROR;
				GCC_WARN_UNDECLARED_SELECTOR = YES;
				GCC_WARN_UNINITIALIZED_AUTOS = YES_AGGRESSIVE;
				GCC_WARN_UNUSED_FUNCTION = YES;
				GCC_WARN_UNUSED_VARIABLE = YES;
				IPHONEOS_DEPLOYMENT_TARGET = 13.0;
				MTL_ENABLE_DEBUG_INFO = INCLUDE_SOURCE;
				MTL_FAST_MATH = YES;
				ONLY_ACTIVE_ARCH = YES;
				SDKROOT = iphoneos;
				SWIFT_ACTIVE_COMPILATION_CONDITIONS = DEBUG;
				SWIFT_OPTIMIZATION_LEVEL = "-Onone";
			};
			name = Debug;
		};
		48A0DE9E23422C4D004B1369 /* Release */ = {
			isa = XCBuildConfiguration;
			buildSettings = {
				ALWAYS_SEARCH_USER_PATHS = NO;
				CLANG_ANALYZER_NONNULL = YES;
				CLANG_ANALYZER_NUMBER_OBJECT_CONVERSION = YES_AGGRESSIVE;
				CLANG_CXX_LANGUAGE_STANDARD = "gnu++14";
				CLANG_CXX_LIBRARY = "libc++";
				CLANG_ENABLE_MODULES = YES;
				CLANG_ENABLE_OBJC_ARC = YES;
				CLANG_ENABLE_OBJC_WEAK = YES;
				CLANG_WARN_BLOCK_CAPTURE_AUTORELEASING = YES;
				CLANG_WARN_BOOL_CONVERSION = YES;
				CLANG_WARN_COMMA = YES;
				CLANG_WARN_CONSTANT_CONVERSION = YES;
				CLANG_WARN_DEPRECATED_OBJC_IMPLEMENTATIONS = YES;
				CLANG_WARN_DIRECT_OBJC_ISA_USAGE = YES_ERROR;
				CLANG_WARN_DOCUMENTATION_COMMENTS = YES;
				CLANG_WARN_EMPTY_BODY = YES;
				CLANG_WARN_ENUM_CONVERSION = YES;
				CLANG_WARN_INFINITE_RECURSION = YES;
				CLANG_WARN_INT_CONVERSION = YES;
				CLANG_WARN_NON_LITERAL_NULL_CONVERSION = YES;
				CLANG_WARN_OBJC_IMPLICIT_RETAIN_SELF = YES;
				CLANG_WARN_OBJC_LITERAL_CONVERSION = YES;
				CLANG_WARN_OBJC_ROOT_CLASS = YES_ERROR;
				CLANG_WARN_RANGE_LOOP_ANALYSIS = YES;
				CLANG_WARN_STRICT_PROTOTYPES = YES;
				CLANG_WARN_SUSPICIOUS_MOVE = YES;
				CLANG_WARN_UNGUARDED_AVAILABILITY = YES_AGGRESSIVE;
				CLANG_WARN_UNREACHABLE_CODE = YES;
				CLANG_WARN__DUPLICATE_METHOD_MATCH = YES;
				COPY_PHASE_STRIP = NO;
				DEBUG_INFORMATION_FORMAT = "dwarf-with-dsym";
				ENABLE_NS_ASSERTIONS = NO;
				ENABLE_STRICT_OBJC_MSGSEND = YES;
				GCC_C_LANGUAGE_STANDARD = gnu11;
				GCC_NO_COMMON_BLOCKS = YES;
				GCC_WARN_64_TO_32_BIT_CONVERSION = YES;
				GCC_WARN_ABOUT_RETURN_TYPE = YES_ERROR;
				GCC_WARN_UNDECLARED_SELECTOR = YES;
				GCC_WARN_UNINITIALIZED_AUTOS = YES_AGGRESSIVE;
				GCC_WARN_UNUSED_FUNCTION = YES;
				GCC_WARN_UNUSED_VARIABLE = YES;
				IPHONEOS_DEPLOYMENT_TARGET = 13.0;
				MTL_ENABLE_DEBUG_INFO = NO;
				MTL_FAST_MATH = YES;
				SDKROOT = iphoneos;
				SWIFT_COMPILATION_MODE = wholemodule;
				SWIFT_OPTIMIZATION_LEVEL = "-O";
				VALIDATE_PRODUCT = YES;
			};
			name = Release;
		};
		48A0DEA023422C4D004B1369 /* Debug */ = {
			isa = XCBuildConfiguration;
			baseConfigurationReference = C6DE3D4F478F1398226269DC /* Pods-FlighSchedular.debug.xcconfig */;
			buildSettings = {
				ASSETCATALOG_COMPILER_APPICON_NAME = AppIcon;
				CODE_SIGN_STYLE = Automatic;
				DEVELOPMENT_ASSET_PATHS = "\"FlighSchedular/Preview Content\"";
				DEVELOPMENT_TEAM = 25C4CBT4M3;
				ENABLE_PREVIEWS = YES;
				INFOPLIST_FILE = FlighSchedular/Info.plist;
				IPHONEOS_DEPLOYMENT_TARGET = 13.0;
				LD_RUNPATH_SEARCH_PATHS = (
					"$(inherited)",
					"@executable_path/Frameworks",
				);
				PRODUCT_BUNDLE_IDENTIFIER = com.FlighSchedular;
				PRODUCT_NAME = "$(TARGET_NAME)";
				SWIFT_VERSION = 5.0;
				TARGETED_DEVICE_FAMILY = "1,2";
			};
			name = Debug;
		};
		48A0DEA123422C4D004B1369 /* Release */ = {
			isa = XCBuildConfiguration;
			baseConfigurationReference = 1EB2C49F7BA4FC1D6286E472 /* Pods-FlighSchedular.release.xcconfig */;
			buildSettings = {
				ASSETCATALOG_COMPILER_APPICON_NAME = AppIcon;
				CODE_SIGN_STYLE = Automatic;
				DEVELOPMENT_ASSET_PATHS = "\"FlighSchedular/Preview Content\"";
				DEVELOPMENT_TEAM = 25C4CBT4M3;
				ENABLE_PREVIEWS = YES;
				INFOPLIST_FILE = FlighSchedular/Info.plist;
				IPHONEOS_DEPLOYMENT_TARGET = 13.0;
				LD_RUNPATH_SEARCH_PATHS = (
					"$(inherited)",
					"@executable_path/Frameworks",
				);
				PRODUCT_BUNDLE_IDENTIFIER = com.FlighSchedular;
				PRODUCT_NAME = "$(TARGET_NAME)";
				SWIFT_VERSION = 5.0;
				TARGETED_DEVICE_FAMILY = "1,2";
			};
			name = Release;
		};
		48A0DEA323422C4D004B1369 /* Debug */ = {
			isa = XCBuildConfiguration;
			baseConfigurationReference = E7BD6E307370A607E2DD9AC0 /* Pods-FlighSchedularTests.debug.xcconfig */;
			buildSettings = {
				ALWAYS_EMBED_SWIFT_STANDARD_LIBRARIES = YES;
				BUNDLE_LOADER = "$(TEST_HOST)";
				CODE_SIGN_STYLE = Automatic;
				DEVELOPMENT_TEAM = 25C4CBT4M3;
				INFOPLIST_FILE = FlighSchedularTests/Info.plist;
				IPHONEOS_DEPLOYMENT_TARGET = 13.0;
				LD_RUNPATH_SEARCH_PATHS = (
					"$(inherited)",
					"@executable_path/Frameworks",
					"@loader_path/Frameworks",
				);
				PRODUCT_BUNDLE_IDENTIFIER = com.FlighSchedularTests;
				PRODUCT_NAME = "$(TARGET_NAME)";
				SWIFT_VERSION = 5.0;
				TARGETED_DEVICE_FAMILY = "1,2";
				TEST_HOST = "$(BUILT_PRODUCTS_DIR)/FlighSchedular.app/FlighSchedular";
			};
			name = Debug;
		};
		48A0DEA423422C4D004B1369 /* Release */ = {
			isa = XCBuildConfiguration;
			baseConfigurationReference = F330A682CAD40456FB627BC1 /* Pods-FlighSchedularTests.release.xcconfig */;
			buildSettings = {
				ALWAYS_EMBED_SWIFT_STANDARD_LIBRARIES = YES;
				BUNDLE_LOADER = "$(TEST_HOST)";
				CODE_SIGN_STYLE = Automatic;
				DEVELOPMENT_TEAM = 25C4CBT4M3;
				INFOPLIST_FILE = FlighSchedularTests/Info.plist;
				IPHONEOS_DEPLOYMENT_TARGET = 13.0;
				LD_RUNPATH_SEARCH_PATHS = (
					"$(inherited)",
					"@executable_path/Frameworks",
					"@loader_path/Frameworks",
				);
				PRODUCT_BUNDLE_IDENTIFIER = com.FlighSchedularTests;
				PRODUCT_NAME = "$(TARGET_NAME)";
				SWIFT_VERSION = 5.0;
				TARGETED_DEVICE_FAMILY = "1,2";
				TEST_HOST = "$(BUILT_PRODUCTS_DIR)/FlighSchedular.app/FlighSchedular";
			};
			name = Release;
		};
		48A0DEA623422C4D004B1369 /* Debug */ = {
			isa = XCBuildConfiguration;
			baseConfigurationReference = C4E71409CF173D5FA7F37A00 /* Pods-FlighSchedularUITests.debug.xcconfig */;
			buildSettings = {
				ALWAYS_EMBED_SWIFT_STANDARD_LIBRARIES = YES;
				CODE_SIGN_STYLE = Automatic;
				DEVELOPMENT_TEAM = 25C4CBT4M3;
				INFOPLIST_FILE = FlighSchedularUITests/Info.plist;
				LD_RUNPATH_SEARCH_PATHS = (
					"$(inherited)",
					"@executable_path/Frameworks",
					"@loader_path/Frameworks",
				);
				PRODUCT_BUNDLE_IDENTIFIER = com.FlighSchedularUITests;
				PRODUCT_NAME = "$(TARGET_NAME)";
				SWIFT_VERSION = 5.0;
				TARGETED_DEVICE_FAMILY = "1,2";
				TEST_TARGET_NAME = FlighSchedular;
			};
			name = Debug;
		};
		48A0DEA723422C4D004B1369 /* Release */ = {
			isa = XCBuildConfiguration;
			baseConfigurationReference = BE7425F901FBDDC20F50FBDB /* Pods-FlighSchedularUITests.release.xcconfig */;
			buildSettings = {
				ALWAYS_EMBED_SWIFT_STANDARD_LIBRARIES = YES;
				CODE_SIGN_STYLE = Automatic;
				DEVELOPMENT_TEAM = 25C4CBT4M3;
				INFOPLIST_FILE = FlighSchedularUITests/Info.plist;
				LD_RUNPATH_SEARCH_PATHS = (
					"$(inherited)",
					"@executable_path/Frameworks",
					"@loader_path/Frameworks",
				);
				PRODUCT_BUNDLE_IDENTIFIER = com.FlighSchedularUITests;
				PRODUCT_NAME = "$(TARGET_NAME)";
				SWIFT_VERSION = 5.0;
				TARGETED_DEVICE_FAMILY = "1,2";
				TEST_TARGET_NAME = FlighSchedular;
			};
			name = Release;
		};
/* End XCBuildConfiguration section */

/* Begin XCConfigurationList section */
		48A0DE7023422C4B004B1369 /* Build configuration list for PBXProject "FlighSchedular" */ = {
			isa = XCConfigurationList;
			buildConfigurations = (
				48A0DE9D23422C4D004B1369 /* Debug */,
				48A0DE9E23422C4D004B1369 /* Release */,
			);
			defaultConfigurationIsVisible = 0;
			defaultConfigurationName = Release;
		};
		48A0DE9F23422C4D004B1369 /* Build configuration list for PBXNativeTarget "FlighSchedular" */ = {
			isa = XCConfigurationList;
			buildConfigurations = (
				48A0DEA023422C4D004B1369 /* Debug */,
				48A0DEA123422C4D004B1369 /* Release */,
			);
			defaultConfigurationIsVisible = 0;
			defaultConfigurationName = Release;
		};
		48A0DEA223422C4D004B1369 /* Build configuration list for PBXNativeTarget "FlighSchedularTests" */ = {
			isa = XCConfigurationList;
			buildConfigurations = (
				48A0DEA323422C4D004B1369 /* Debug */,
				48A0DEA423422C4D004B1369 /* Release */,
			);
			defaultConfigurationIsVisible = 0;
			defaultConfigurationName = Release;
		};
		48A0DEA523422C4D004B1369 /* Build configuration list for PBXNativeTarget "FlighSchedularUITests" */ = {
			isa = XCConfigurationList;
			buildConfigurations = (
				48A0DEA623422C4D004B1369 /* Debug */,
				48A0DEA723422C4D004B1369 /* Release */,
			);
			defaultConfigurationIsVisible = 0;
			defaultConfigurationName = Release;
		};
/* End XCConfigurationList section */
	};
	rootObject = 48A0DE6D23422C4B004B1369 /* Project object */;
}
